
Microsoft Visual Studio Solution File, Format Version 12.00
# Visual Studio Version 17
VisualStudioVersion = 17.0.33530.339
MinimumVisualStudioVersion = 10.0.40219.1
Project("{FAE04EC0-301F-11D3-BF4B-00C04F79EFBC}") = "MyTaskAppServer", "MyTaskApp\MyTaskAppServer.csproj", "{A48472E4-EBF0-480F-96D8-A42BA49F008A}"
EndProject
Project("{FAE04EC0-301F-11D3-BF4B-00C04F79EFBC}") = "MyTaskAppClient", "MyTaskAppClient\MyTaskAppClient.csproj", "{C0FD912C-FD9A-4C0E-8292-DDE136C44378}"
EndProject
Global
	GlobalSection(SolutionConfigurationPlatforms) = preSolution
		Debug|Any CPU = Debug|Any CPU
		Release|Any CPU = Release|Any CPU
	EndGlobalSection
	GlobalSection(ProjectConfigurationPlatforms) = postSolution
		{A48472E4-EBF0-480F-96D8-A42BA49F008A}.Debug|Any CPU.ActiveCfg = Debug|Any CPU
		{A48472E4-EBF0-480F-96D8-A42BA49F008A}.Debug|Any CPU.Build.0 = Debug|Any CPU
		{A48472E4-EBF0-480F-96D8-A42BA49F008A}.Release|Any CPU.ActiveCfg = Release|Any CPU
		{A48472E4-EBF0-480F-96D8-A42BA49F008A}.Release|Any CPU.Build.0 = Release|Any CPU
		{C0FD912C-FD9A-4C0E-8292-DDE136C44378}.Debug|Any CPU.ActiveCfg = Debug|Any CPU
		{C0FD912C-FD9A-4C0E-8292-DDE136C44378}.Debug|Any CPU.Build.0 = Debug|Any CPU
		{C0FD912C-FD9A-4C0E-8292-DDE136C44378}.Release|Any CPU.ActiveCfg = Release|Any CPU
		{C0FD912C-FD9A-4C0E-8292-DDE136C44378}.Release|Any CPU.Build.0 = Release|Any CPU
	EndGlobalSection
	GlobalSection(SolutionProperties) = preSolution
		HideSolutionNode = FALSE
	EndGlobalSection
	GlobalSection(ExtensibilityGlobals) = postSolution
		SolutionGuid = {F04ABDCE-BE69-4B7A-9E12-944FBD7BA713}
	EndGlobalSection
EndGlobal
